// !$*UTF8*$!
{
	archiveVersion = 1;
	classes = {
	};
	objectVersion = 51;
	objects = {

/* Begin PBXBuildFile section */
		B6762E0298C4FA2B8686BE9A /* Pods_Weather_Logger.framework in Frameworks */ = {isa = PBXBuildFile; fileRef = C6FBB36660A74270B4165413 /* Pods_Weather_Logger.framework */; };
		D40B52C3258CDDE800A909A9 /* MainCoordinator.swift in Sources */ = {isa = PBXBuildFile; fileRef = D40B52C2258CDDE800A909A9 /* MainCoordinator.swift */; };
		D40B5426258CE36000A909A9 /* ReusableViewProtocol.swift in Sources */ = {isa = PBXBuildFile; fileRef = D40B5425258CE36000A909A9 /* ReusableViewProtocol.swift */; };
		D4246FFD25902E6A00DAE72F /* CoreDataObservableResult.swift in Sources */ = {isa = PBXBuildFile; fileRef = D4246FFC25902E6A00DAE72F /* CoreDataObservableResult.swift */; };
		D42470012590303800DAE72F /* WeatherCacheProtocol.swift in Sources */ = {isa = PBXBuildFile; fileRef = D42470002590303800DAE72F /* WeatherCacheProtocol.swift */; };
		D439F05625903AC200F4FBFA /* CoreDataWeather.swift in Sources */ = {isa = PBXBuildFile; fileRef = D439F05525903AC200F4FBFA /* CoreDataWeather.swift */; };
		D43D375C258ED006005FCACD /* CoreDataWeatherCache.swift in Sources */ = {isa = PBXBuildFile; fileRef = D43D375B258ED006005FCACD /* CoreDataWeatherCache.swift */; };
		D43FF9ED257FBBA30085E382 /* WeatherService.swift in Sources */ = {isa = PBXBuildFile; fileRef = D43FF9EC257FBBA30085E382 /* WeatherService.swift */; };
		D43FFA0A257FBE5E0085E382 /* CLService.swift in Sources */ = {isa = PBXBuildFile; fileRef = D43FFA09257FBE5E0085E382 /* CLService.swift */; };
		D44DD2A72590519B00FA90EA /* DomainModelAbstraction.swift in Sources */ = {isa = PBXBuildFile; fileRef = D44DD2A62590519B00FA90EA /* DomainModelAbstraction.swift */; };
		D452D6D5258D6790004691F2 /* WeatherData.swift in Sources */ = {isa = PBXBuildFile; fileRef = D452D6D4258D6790004691F2 /* WeatherData.swift */; };
		D452D6DC258D7F1C004691F2 /* WeatherRepository.swift in Sources */ = {isa = PBXBuildFile; fileRef = D452D6DB258D7F1C004691F2 /* WeatherRepository.swift */; };
		D45E6863258EF9F200A2EAE0 /* DataBinding.swift in Sources */ = {isa = PBXBuildFile; fileRef = D45E6862258EF9F200A2EAE0 /* DataBinding.swift */; };
		D47809AA257A5A0900052D6B /* UITableViewCellExtensions.swift in Sources */ = {isa = PBXBuildFile; fileRef = D47809A9257A5A0900052D6B /* UITableViewCellExtensions.swift */; };
		D49094222578EE53006D986A /* AppDelegate.swift in Sources */ = {isa = PBXBuildFile; fileRef = D49094212578EE53006D986A /* AppDelegate.swift */; };
		D49094242578EE53006D986A /* SceneDelegate.swift in Sources */ = {isa = PBXBuildFile; fileRef = D49094232578EE53006D986A /* SceneDelegate.swift */; };
		D49094292578EE54006D986A /* Main.storyboard in Resources */ = {isa = PBXBuildFile; fileRef = D49094272578EE54006D986A /* Main.storyboard */; };
		D490942C2578EE54006D986A /* Weather_Logger.xcdatamodeld in Sources */ = {isa = PBXBuildFile; fileRef = D490942A2578EE54006D986A /* Weather_Logger.xcdatamodeld */; };
		D490942E2578EE54006D986A /* Assets.xcassets in Resources */ = {isa = PBXBuildFile; fileRef = D490942D2578EE54006D986A /* Assets.xcassets */; };
		D49094312578EE54006D986A /* LaunchScreen.storyboard in Resources */ = {isa = PBXBuildFile; fileRef = D490942F2578EE54006D986A /* LaunchScreen.storyboard */; };
		D49094582578F77E006D986A /* WeatherJSONResponse.swift in Sources */ = {isa = PBXBuildFile; fileRef = D49094572578F77E006D986A /* WeatherJSONResponse.swift */; };
		D490945F25790374006D986A /* SavedWeatherVC.swift in Sources */ = {isa = PBXBuildFile; fileRef = D490945E25790374006D986A /* SavedWeatherVC.swift */; };
		D490946425790380006D986A /* SavedWeatherVM.swift in Sources */ = {isa = PBXBuildFile; fileRef = D490946325790380006D986A /* SavedWeatherVM.swift */; };
		D490946D257911A8006D986A /* EntityDAO.swift in Sources */ = {isa = PBXBuildFile; fileRef = D490946C257911A8006D986A /* EntityDAO.swift */; };
		D4909473257928CC006D986A /* SavedWeatherCellVM.swift in Sources */ = {isa = PBXBuildFile; fileRef = D4909472257928CC006D986A /* SavedWeatherCellVM.swift */; };
		D498E4BC2590624D006FB4DC /* WeatherData+WeatherJSON.swift in Sources */ = {isa = PBXBuildFile; fileRef = D498E4BB2590624D006FB4DC /* WeatherData+WeatherJSON.swift */; };
		D4AD4762257E2F8300F05258 /* UIViewControllerExtensions.swift in Sources */ = {isa = PBXBuildFile; fileRef = D4AD4761257E2F8300F05258 /* UIViewControllerExtensions.swift */; };
		D4AD4768257E610E00F05258 /* WeatherDetailsVC.swift in Sources */ = {isa = PBXBuildFile; fileRef = D4AD4767257E610E00F05258 /* WeatherDetailsVC.swift */; };
		D4AD4770257E611C00F05258 /* WeatherDetailsVM.swift in Sources */ = {isa = PBXBuildFile; fileRef = D4AD476F257E611C00F05258 /* WeatherDetailsVM.swift */; };
		D4C3A9D3258CD05F002E80A9 /* CoordinatorProtocol.swift in Sources */ = {isa = PBXBuildFile; fileRef = D4C3A9D2258CD05F002E80A9 /* CoordinatorProtocol.swift */; };
		D4F4FAC9259060C500806696 /* WeatherData+CoreData.swift in Sources */ = {isa = PBXBuildFile; fileRef = D4F4FAC8259060C500806696 /* WeatherData+CoreData.swift */; };
/* End PBXBuildFile section */

/* Begin PBXFileReference section */
		B738D5E22D31E90C2A373C93 /* Pods-Weather-Logger.release.xcconfig */ = {isa = PBXFileReference; includeInIndex = 1; lastKnownFileType = text.xcconfig; name = "Pods-Weather-Logger.release.xcconfig"; path = "Target Support Files/Pods-Weather-Logger/Pods-Weather-Logger.release.xcconfig"; sourceTree = "<group>"; };
		C6FBB36660A74270B4165413 /* Pods_Weather_Logger.framework */ = {isa = PBXFileReference; explicitFileType = wrapper.framework; includeInIndex = 0; path = Pods_Weather_Logger.framework; sourceTree = BUILT_PRODUCTS_DIR; };
		D40B52C2258CDDE800A909A9 /* MainCoordinator.swift */ = {isa = PBXFileReference; lastKnownFileType = sourcecode.swift; path = MainCoordinator.swift; sourceTree = "<group>"; };
		D40B5425258CE36000A909A9 /* ReusableViewProtocol.swift */ = {isa = PBXFileReference; lastKnownFileType = sourcecode.swift; path = ReusableViewProtocol.swift; sourceTree = "<group>"; };
		D4246FFC25902E6A00DAE72F /* CoreDataObservableResult.swift */ = {isa = PBXFileReference; lastKnownFileType = sourcecode.swift; path = CoreDataObservableResult.swift; sourceTree = "<group>"; };
		D42470002590303800DAE72F /* WeatherCacheProtocol.swift */ = {isa = PBXFileReference; lastKnownFileType = sourcecode.swift; path = WeatherCacheProtocol.swift; sourceTree = "<group>"; };
		D439F05525903AC200F4FBFA /* CoreDataWeather.swift */ = {isa = PBXFileReference; lastKnownFileType = sourcecode.swift; path = CoreDataWeather.swift; sourceTree = "<group>"; };
		D43D375B258ED006005FCACD /* CoreDataWeatherCache.swift */ = {isa = PBXFileReference; lastKnownFileType = sourcecode.swift; path = CoreDataWeatherCache.swift; sourceTree = "<group>"; };
		D43FF9EC257FBBA30085E382 /* WeatherService.swift */ = {isa = PBXFileReference; lastKnownFileType = sourcecode.swift; path = WeatherService.swift; sourceTree = "<group>"; };
		D43FFA09257FBE5E0085E382 /* CLService.swift */ = {isa = PBXFileReference; lastKnownFileType = sourcecode.swift; path = CLService.swift; sourceTree = "<group>"; };
		D44DD2A62590519B00FA90EA /* DomainModelAbstraction.swift */ = {isa = PBXFileReference; lastKnownFileType = sourcecode.swift; path = DomainModelAbstraction.swift; sourceTree = "<group>"; };
		D452D6D4258D6790004691F2 /* WeatherData.swift */ = {isa = PBXFileReference; lastKnownFileType = sourcecode.swift; path = WeatherData.swift; sourceTree = "<group>"; };
		D452D6DB258D7F1C004691F2 /* WeatherRepository.swift */ = {isa = PBXFileReference; lastKnownFileType = sourcecode.swift; path = WeatherRepository.swift; sourceTree = "<group>"; };
		D45E6862258EF9F200A2EAE0 /* DataBinding.swift */ = {isa = PBXFileReference; fileEncoding = 4; lastKnownFileType = sourcecode.swift; path = DataBinding.swift; sourceTree = "<group>"; };
		D47809A9257A5A0900052D6B /* UITableViewCellExtensions.swift */ = {isa = PBXFileReference; lastKnownFileType = sourcecode.swift; path = UITableViewCellExtensions.swift; sourceTree = "<group>"; };
		D490941E2578EE53006D986A /* Weather-Logger.app */ = {isa = PBXFileReference; explicitFileType = wrapper.application; includeInIndex = 0; path = "Weather-Logger.app"; sourceTree = BUILT_PRODUCTS_DIR; };
		D49094212578EE53006D986A /* AppDelegate.swift */ = {isa = PBXFileReference; lastKnownFileType = sourcecode.swift; path = AppDelegate.swift; sourceTree = "<group>"; };
		D49094232578EE53006D986A /* SceneDelegate.swift */ = {isa = PBXFileReference; lastKnownFileType = sourcecode.swift; path = SceneDelegate.swift; sourceTree = "<group>"; };
		D49094282578EE54006D986A /* Base */ = {isa = PBXFileReference; lastKnownFileType = file.storyboard; name = Base; path = Base.lproj/Main.storyboard; sourceTree = "<group>"; };
		D490942B2578EE54006D986A /* Weather_Logger.xcdatamodel */ = {isa = PBXFileReference; lastKnownFileType = wrapper.xcdatamodel; path = Weather_Logger.xcdatamodel; sourceTree = "<group>"; };
		D490942D2578EE54006D986A /* Assets.xcassets */ = {isa = PBXFileReference; lastKnownFileType = folder.assetcatalog; path = Assets.xcassets; sourceTree = "<group>"; };
		D49094302578EE54006D986A /* Base */ = {isa = PBXFileReference; lastKnownFileType = file.storyboard; name = Base; path = Base.lproj/LaunchScreen.storyboard; sourceTree = "<group>"; };
		D49094322578EE54006D986A /* Info.plist */ = {isa = PBXFileReference; lastKnownFileType = text.plist.xml; path = Info.plist; sourceTree = "<group>"; };
		D49094572578F77E006D986A /* WeatherJSONResponse.swift */ = {isa = PBXFileReference; lastKnownFileType = sourcecode.swift; path = WeatherJSONResponse.swift; sourceTree = "<group>"; };
		D490945E25790374006D986A /* SavedWeatherVC.swift */ = {isa = PBXFileReference; lastKnownFileType = sourcecode.swift; path = SavedWeatherVC.swift; sourceTree = "<group>"; };
		D490946325790380006D986A /* SavedWeatherVM.swift */ = {isa = PBXFileReference; fileEncoding = 4; lastKnownFileType = sourcecode.swift; path = SavedWeatherVM.swift; sourceTree = "<group>"; };
		D490946C257911A8006D986A /* EntityDAO.swift */ = {isa = PBXFileReference; lastKnownFileType = sourcecode.swift; path = EntityDAO.swift; sourceTree = "<group>"; };
		D4909472257928CC006D986A /* SavedWeatherCellVM.swift */ = {isa = PBXFileReference; lastKnownFileType = sourcecode.swift; path = SavedWeatherCellVM.swift; sourceTree = "<group>"; };
		D498E4BB2590624D006FB4DC /* WeatherData+WeatherJSON.swift */ = {isa = PBXFileReference; lastKnownFileType = sourcecode.swift; path = "WeatherData+WeatherJSON.swift"; sourceTree = "<group>"; };
		D4AD4761257E2F8300F05258 /* UIViewControllerExtensions.swift */ = {isa = PBXFileReference; fileEncoding = 4; lastKnownFileType = sourcecode.swift; path = UIViewControllerExtensions.swift; sourceTree = "<group>"; };
		D4AD4767257E610E00F05258 /* WeatherDetailsVC.swift */ = {isa = PBXFileReference; lastKnownFileType = sourcecode.swift; path = WeatherDetailsVC.swift; sourceTree = "<group>"; };
		D4AD476F257E611C00F05258 /* WeatherDetailsVM.swift */ = {isa = PBXFileReference; lastKnownFileType = sourcecode.swift; path = WeatherDetailsVM.swift; sourceTree = "<group>"; };
		D4C3A9D2258CD05F002E80A9 /* CoordinatorProtocol.swift */ = {isa = PBXFileReference; lastKnownFileType = sourcecode.swift; path = CoordinatorProtocol.swift; sourceTree = "<group>"; };
		D4F4FAC8259060C500806696 /* WeatherData+CoreData.swift */ = {isa = PBXFileReference; lastKnownFileType = sourcecode.swift; path = "WeatherData+CoreData.swift"; sourceTree = "<group>"; };
		FD9C4CA6F20BFC0541816296 /* Pods-Weather-Logger.debug.xcconfig */ = {isa = PBXFileReference; includeInIndex = 1; lastKnownFileType = text.xcconfig; name = "Pods-Weather-Logger.debug.xcconfig"; path = "Target Support Files/Pods-Weather-Logger/Pods-Weather-Logger.debug.xcconfig"; sourceTree = "<group>"; };
/* End PBXFileReference section */

/* Begin PBXFrameworksBuildPhase section */
		D490941B2578EE53006D986A /* Frameworks */ = {
			isa = PBXFrameworksBuildPhase;
			buildActionMask = 2147483647;
			files = (
				B6762E0298C4FA2B8686BE9A /* Pods_Weather_Logger.framework in Frameworks */,
			);
			runOnlyForDeploymentPostprocessing = 0;
		};
/* End PBXFrameworksBuildPhase section */

/* Begin PBXGroup section */
		8B35BB359A09C9CD177C6B70 /* Frameworks */ = {
			isa = PBXGroup;
			children = (
				C6FBB36660A74270B4165413 /* Pods_Weather_Logger.framework */,
			);
			name = Frameworks;
			sourceTree = "<group>";
		};
		D34D4C2AE5D438F8F6466256 /* Pods */ = {
			isa = PBXGroup;
			children = (
				FD9C4CA6F20BFC0541816296 /* Pods-Weather-Logger.debug.xcconfig */,
				B738D5E22D31E90C2A373C93 /* Pods-Weather-Logger.release.xcconfig */,
			);
			path = Pods;
			sourceTree = "<group>";
		};
		D40B5409258CE15300A909A9 /* Navigation */ = {
			isa = PBXGroup;
			children = (
				D40B52C2258CDDE800A909A9 /* MainCoordinator.swift */,
			);
			path = Navigation;
			sourceTree = "<group>";
		};
		D4246FFF2590301900DAE72F /* WeatherCache */ = {
			isa = PBXGroup;
			children = (
				D42470002590303800DAE72F /* WeatherCacheProtocol.swift */,
				D43D375B258ED006005FCACD /* CoreDataWeatherCache.swift */,
			);
			path = WeatherCache;
			sourceTree = "<group>";
		};
		D439F05325903A8000F4FBFA /* Domain */ = {
			isa = PBXGroup;
			children = (
				D452D6D4258D6790004691F2 /* WeatherData.swift */,
			);
			path = Domain;
			sourceTree = "<group>";
		};
		D439F05425903A9700F4FBFA /* CoreData */ = {
			isa = PBXGroup;
			children = (
				D4F4FACB259060D400806696 /* WeatherEntity */,
			);
			path = CoreData;
			sourceTree = "<group>";
		};
		D43D375A258ECF9C005FCACD /* LocalCache */ = {
			isa = PBXGroup;
			children = (
				D4246FFF2590301900DAE72F /* WeatherCache */,
			);
			path = LocalCache;
			sourceTree = "<group>";
		};
		D43FF9F4257FBBCC0085E382 /* Services */ = {
			isa = PBXGroup;
			children = (
				D43FFA08257FBE3F0085E382 /* CLService */,
				D43FF9F9257FBCDE0085E382 /* WeatherService */,
			);
			path = Services;
			sourceTree = "<group>";
		};
		D43FF9F8257FBCC30085E382 /* Responses */ = {
			isa = PBXGroup;
			children = (
				D4F4FACC2590615900806696 /* WeatherResponse */,
			);
			path = Responses;
			sourceTree = "<group>";
		};
		D43FF9F9257FBCDE0085E382 /* WeatherService */ = {
			isa = PBXGroup;
			children = (
				D43FF9EC257FBBA30085E382 /* WeatherService.swift */,
				D43FF9F8257FBCC30085E382 /* Responses */,
			);
			path = WeatherService;
			sourceTree = "<group>";
		};
		D43FFA08257FBE3F0085E382 /* CLService */ = {
			isa = PBXGroup;
			children = (
				D43FFA09257FBE5E0085E382 /* CLService.swift */,
			);
			path = CLService;
			sourceTree = "<group>";
		};
		D44BC571258CF4CE0029CBF5 /* CoreData */ = {
			isa = PBXGroup;
			children = (
				D490946C257911A8006D986A /* EntityDAO.swift */,
				D4246FFC25902E6A00DAE72F /* CoreDataObservableResult.swift */,
				D44DD2A62590519B00FA90EA /* DomainModelAbstraction.swift */,
			);
			path = CoreData;
			sourceTree = "<group>";
		};
		D44BC572258CF5290029CBF5 /* Extensions */ = {
			isa = PBXGroup;
			children = (
				D47809A9257A5A0900052D6B /* UITableViewCellExtensions.swift */,
			);
			path = Extensions;
			sourceTree = "<group>";
		};
		D452D6D3258D675D004691F2 /* Models */ = {
			isa = PBXGroup;
			children = (
				D439F05425903A9700F4FBFA /* CoreData */,
				D439F05325903A8000F4FBFA /* Domain */,
			);
			path = Models;
			sourceTree = "<group>";
		};
		D452D6DA258D7EFF004691F2 /* Repositories */ = {
			isa = PBXGroup;
			children = (
				D452D6DB258D7F1C004691F2 /* WeatherRepository.swift */,
			);
			path = Repositories;
			sourceTree = "<group>";
		};
		D49094152578EE53006D986A = {
			isa = PBXGroup;
			children = (
				D49094202578EE53006D986A /* Weather-Logger */,
				D490941F2578EE53006D986A /* Products */,
				D34D4C2AE5D438F8F6466256 /* Pods */,
				8B35BB359A09C9CD177C6B70 /* Frameworks */,
			);
			sourceTree = "<group>";
		};
		D490941F2578EE53006D986A /* Products */ = {
			isa = PBXGroup;
			children = (
				D490941E2578EE53006D986A /* Weather-Logger.app */,
			);
			name = Products;
			sourceTree = "<group>";
		};
		D49094202578EE53006D986A /* Weather-Logger */ = {
			isa = PBXGroup;
			children = (
				D43D375A258ECF9C005FCACD /* LocalCache */,
				D452D6DA258D7EFF004691F2 /* Repositories */,
				D452D6D3258D675D004691F2 /* Models */,
				D40B5409258CE15300A909A9 /* Navigation */,
				D43FF9F4257FBBCC0085E382 /* Services */,
				D490945C25790336006D986A /* Scenes */,
				D49094212578EE53006D986A /* AppDelegate.swift */,
				D49094232578EE53006D986A /* SceneDelegate.swift */,
				D49094272578EE54006D986A /* Main.storyboard */,
				D490942D2578EE54006D986A /* Assets.xcassets */,
				D490942F2578EE54006D986A /* LaunchScreen.storyboard */,
				D49094322578EE54006D986A /* Info.plist */,
				D490942A2578EE54006D986A /* Weather_Logger.xcdatamodeld */,
				D490946B2579119B006D986A /* Tools */,
			);
			path = "Weather-Logger";
			sourceTree = "<group>";
		};
		D490945C25790336006D986A /* Scenes */ = {
			isa = PBXGroup;
			children = (
				D490945D2579033E006D986A /* SavedWeather */,
				D4AD4766257E60C700F05258 /* WeatherDetails */,
			);
			path = Scenes;
			sourceTree = "<group>";
		};
		D490945D2579033E006D986A /* SavedWeather */ = {
			isa = PBXGroup;
			children = (
				D490945E25790374006D986A /* SavedWeatherVC.swift */,
				D490946325790380006D986A /* SavedWeatherVM.swift */,
				D4909471257928B7006D986A /* Support */,
			);
			path = SavedWeather;
			sourceTree = "<group>";
		};
		D490946B2579119B006D986A /* Tools */ = {
			isa = PBXGroup;
			children = (
				D44BC571258CF4CE0029CBF5 /* CoreData */,
				D4AD4761257E2F8300F05258 /* UIViewControllerExtensions.swift */,
				D45E6862258EF9F200A2EAE0 /* DataBinding.swift */,
				D40B5425258CE36000A909A9 /* ReusableViewProtocol.swift */,
				D4C3A9D2258CD05F002E80A9 /* CoordinatorProtocol.swift */,
			);
			path = Tools;
			sourceTree = "<group>";
		};
		D4909471257928B7006D986A /* Support */ = {
			isa = PBXGroup;
			children = (
				D44BC572258CF5290029CBF5 /* Extensions */,
				D4909472257928CC006D986A /* SavedWeatherCellVM.swift */,
			);
			path = Support;
			sourceTree = "<group>";
		};
		D4AD4766257E60C700F05258 /* WeatherDetails */ = {
			isa = PBXGroup;
			children = (
				D4AD4767257E610E00F05258 /* WeatherDetailsVC.swift */,
				D4AD476F257E611C00F05258 /* WeatherDetailsVM.swift */,
			);
			path = WeatherDetails;
			sourceTree = "<group>";
		};
		D4F4FACB259060D400806696 /* WeatherEntity */ = {
			isa = PBXGroup;
			children = (
				D439F05525903AC200F4FBFA /* CoreDataWeather.swift */,
				D4F4FAC8259060C500806696 /* WeatherData+CoreData.swift */,
			);
			path = WeatherEntity;
			sourceTree = "<group>";
		};
		D4F4FACC2590615900806696 /* WeatherResponse */ = {
			isa = PBXGroup;
			children = (
				D49094572578F77E006D986A /* WeatherJSONResponse.swift */,
				D498E4BB2590624D006FB4DC /* WeatherData+WeatherJSON.swift */,
			);
			path = WeatherResponse;
			sourceTree = "<group>";
		};
/* End PBXGroup section */

/* Begin PBXNativeTarget section */
		D490941D2578EE53006D986A /* Weather-Logger */ = {
			isa = PBXNativeTarget;
			buildConfigurationList = D490944B2578EE55006D986A /* Build configuration list for PBXNativeTarget "Weather-Logger" */;
			buildPhases = (
				B4588C80102F4A7678549C8C /* [CP] Check Pods Manifest.lock */,
				D490941A2578EE53006D986A /* Sources */,
				D490941B2578EE53006D986A /* Frameworks */,
				D490941C2578EE53006D986A /* Resources */,
				81538D66552AA52C305B6A5E /* [CP] Embed Pods Frameworks */,
			);
			buildRules = (
			);
			dependencies = (
			);
			name = "Weather-Logger";
			productName = "Weather-Logger";
			productReference = D490941E2578EE53006D986A /* Weather-Logger.app */;
			productType = "com.apple.product-type.application";
		};
/* End PBXNativeTarget section */

/* Begin PBXProject section */
		D49094162578EE53006D986A /* Project object */ = {
			isa = PBXProject;
			attributes = {
				LastSwiftUpdateCheck = 1200;
				LastUpgradeCheck = 1200;
				TargetAttributes = {
					D490941D2578EE53006D986A = {
						CreatedOnToolsVersion = 12.0.1;
					};
				};
			};
			buildConfigurationList = D49094192578EE53006D986A /* Build configuration list for PBXProject "Weather-Logger" */;
			compatibilityVersion = "Xcode 9.3";
			developmentRegion = en;
			hasScannedForEncodings = 0;
			knownRegions = (
				en,
				Base,
			);
			mainGroup = D49094152578EE53006D986A;
			productRefGroup = D490941F2578EE53006D986A /* Products */;
			projectDirPath = "";
			projectRoot = "";
			targets = (
				D490941D2578EE53006D986A /* Weather-Logger */,
			);
		};
/* End PBXProject section */

/* Begin PBXResourcesBuildPhase section */
		D490941C2578EE53006D986A /* Resources */ = {
			isa = PBXResourcesBuildPhase;
			buildActionMask = 2147483647;
			files = (
				D49094312578EE54006D986A /* LaunchScreen.storyboard in Resources */,
				D490942E2578EE54006D986A /* Assets.xcassets in Resources */,
				D49094292578EE54006D986A /* Main.storyboard in Resources */,
			);
			runOnlyForDeploymentPostprocessing = 0;
		};
/* End PBXResourcesBuildPhase section */

/* Begin PBXShellScriptBuildPhase section */
		81538D66552AA52C305B6A5E /* [CP] Embed Pods Frameworks */ = {
			isa = PBXShellScriptBuildPhase;
			buildActionMask = 2147483647;
			files = (
			);
			inputFileListPaths = (
				"${PODS_ROOT}/Target Support Files/Pods-Weather-Logger/Pods-Weather-Logger-frameworks-${CONFIGURATION}-input-files.xcfilelist",
			);
			name = "[CP] Embed Pods Frameworks";
			outputFileListPaths = (
				"${PODS_ROOT}/Target Support Files/Pods-Weather-Logger/Pods-Weather-Logger-frameworks-${CONFIGURATION}-output-files.xcfilelist",
			);
			runOnlyForDeploymentPostprocessing = 0;
			shellPath = /bin/sh;
			shellScript = "\"${PODS_ROOT}/Target Support Files/Pods-Weather-Logger/Pods-Weather-Logger-frameworks.sh\"\n";
			showEnvVarsInLog = 0;
		};
		B4588C80102F4A7678549C8C /* [CP] Check Pods Manifest.lock */ = {
			isa = PBXShellScriptBuildPhase;
			buildActionMask = 2147483647;
			files = (
			);
			inputFileListPaths = (
			);
			inputPaths = (
				"${PODS_PODFILE_DIR_PATH}/Podfile.lock",
				"${PODS_ROOT}/Manifest.lock",
			);
			name = "[CP] Check Pods Manifest.lock";
			outputFileListPaths = (
			);
			outputPaths = (
				"$(DERIVED_FILE_DIR)/Pods-Weather-Logger-checkManifestLockResult.txt",
			);
			runOnlyForDeploymentPostprocessing = 0;
			shellPath = /bin/sh;
			shellScript = "diff \"${PODS_PODFILE_DIR_PATH}/Podfile.lock\" \"${PODS_ROOT}/Manifest.lock\" > /dev/null\nif [ $? != 0 ] ; then\n    # print error to STDERR\n    echo \"error: The sandbox is not in sync with the Podfile.lock. Run 'pod install' or update your CocoaPods installation.\" >&2\n    exit 1\nfi\n# This output is used by Xcode 'outputs' to avoid re-running this script phase.\necho \"SUCCESS\" > \"${SCRIPT_OUTPUT_FILE_0}\"\n";
			showEnvVarsInLog = 0;
		};
/* End PBXShellScriptBuildPhase section */

/* Begin PBXSourcesBuildPhase section */
		D490941A2578EE53006D986A /* Sources */ = {
			isa = PBXSourcesBuildPhase;
			buildActionMask = 2147483647;
			files = (
				D40B52C3258CDDE800A909A9 /* MainCoordinator.swift in Sources */,
				D490946D257911A8006D986A /* EntityDAO.swift in Sources */,
				D4909473257928CC006D986A /* SavedWeatherCellVM.swift in Sources */,
				D4F4FAC9259060C500806696 /* WeatherData+CoreData.swift in Sources */,
				D4C3A9D3258CD05F002E80A9 /* CoordinatorProtocol.swift in Sources */,
				D4AD4762257E2F8300F05258 /* UIViewControllerExtensions.swift in Sources */,
				D43D375C258ED006005FCACD /* CoreDataWeatherCache.swift in Sources */,
				D47809AA257A5A0900052D6B /* UITableViewCellExtensions.swift in Sources */,
				D49094222578EE53006D986A /* AppDelegate.swift in Sources */,
				D44DD2A72590519B00FA90EA /* DomainModelAbstraction.swift in Sources */,
				D4AD4768257E610E00F05258 /* WeatherDetailsVC.swift in Sources */,
				D4AD4770257E611C00F05258 /* WeatherDetailsVM.swift in Sources */,
				D42470012590303800DAE72F /* WeatherCacheProtocol.swift in Sources */,
				D4246FFD25902E6A00DAE72F /* CoreDataObservableResult.swift in Sources */,
				D40B5426258CE36000A909A9 /* ReusableViewProtocol.swift in Sources */,
				D490942C2578EE54006D986A /* Weather_Logger.xcdatamodeld in Sources */,
				D45E6863258EF9F200A2EAE0 /* DataBinding.swift in Sources */,
				D490945F25790374006D986A /* SavedWeatherVC.swift in Sources */,
				D490946425790380006D986A /* SavedWeatherVM.swift in Sources */,
				D498E4BC2590624D006FB4DC /* WeatherData+WeatherJSON.swift in Sources */,
				D43FFA0A257FBE5E0085E382 /* CLService.swift in Sources */,
				D452D6DC258D7F1C004691F2 /* WeatherRepository.swift in Sources */,
				D49094582578F77E006D986A /* WeatherJSONResponse.swift in Sources */,
				D49094242578EE53006D986A /* SceneDelegate.swift in Sources */,
				D439F05625903AC200F4FBFA /* CoreDataWeather.swift in Sources */,
				D452D6D5258D6790004691F2 /* WeatherData.swift in Sources */,
				D43FF9ED257FBBA30085E382 /* WeatherService.swift in Sources */,
			);
			runOnlyForDeploymentPostprocessing = 0;
		};
/* End PBXSourcesBuildPhase section */

/* Begin PBXVariantGroup section */
		D49094272578EE54006D986A /* Main.storyboard */ = {
			isa = PBXVariantGroup;
			children = (
				D49094282578EE54006D986A /* Base */,
			);
			name = Main.storyboard;
			sourceTree = "<group>";
		};
		D490942F2578EE54006D986A /* LaunchScreen.storyboard */ = {
			isa = PBXVariantGroup;
			children = (
				D49094302578EE54006D986A /* Base */,
			);
			name = LaunchScreen.storyboard;
			sourceTree = "<group>";
		};
/* End PBXVariantGroup section */

/* Begin XCBuildConfiguration section */
		D49094492578EE55006D986A /* Debug */ = {
			isa = XCBuildConfiguration;
			buildSettings = {
				ALWAYS_SEARCH_USER_PATHS = NO;
				CLANG_ANALYZER_NONNULL = YES;
				CLANG_ANALYZER_NUMBER_OBJECT_CONVERSION = YES_AGGRESSIVE;
				CLANG_CXX_LANGUAGE_STANDARD = "gnu++14";
				CLANG_CXX_LIBRARY = "libc++";
				CLANG_ENABLE_MODULES = YES;
				CLANG_ENABLE_OBJC_ARC = YES;
				CLANG_ENABLE_OBJC_WEAK = YES;
				CLANG_WARN_BLOCK_CAPTURE_AUTORELEASING = YES;
				CLANG_WARN_BOOL_CONVERSION = YES;
				CLANG_WARN_COMMA = YES;
				CLANG_WARN_CONSTANT_CONVERSION = YES;
				CLANG_WARN_DEPRECATED_OBJC_IMPLEMENTATIONS = YES;
				CLANG_WARN_DIRECT_OBJC_ISA_USAGE = YES_ERROR;
				CLANG_WARN_DOCUMENTATION_COMMENTS = YES;
				CLANG_WARN_EMPTY_BODY = YES;
				CLANG_WARN_ENUM_CONVERSION = YES;
				CLANG_WARN_INFINITE_RECURSION = YES;
				CLANG_WARN_INT_CONVERSION = YES;
				CLANG_WARN_NON_LITERAL_NULL_CONVERSION = YES;
				CLANG_WARN_OBJC_IMPLICIT_RETAIN_SELF = YES;
				CLANG_WARN_OBJC_LITERAL_CONVERSION = YES;
				CLANG_WARN_OBJC_ROOT_CLASS = YES_ERROR;
				CLANG_WARN_QUOTED_INCLUDE_IN_FRAMEWORK_HEADER = YES;
				CLANG_WARN_RANGE_LOOP_ANALYSIS = YES;
				CLANG_WARN_STRICT_PROTOTYPES = YES;
				CLANG_WARN_SUSPICIOUS_MOVE = YES;
				CLANG_WARN_UNGUARDED_AVAILABILITY = YES_AGGRESSIVE;
				CLANG_WARN_UNREACHABLE_CODE = YES;
				CLANG_WARN__DUPLICATE_METHOD_MATCH = YES;
				COPY_PHASE_STRIP = NO;
				DEBUG_INFORMATION_FORMAT = dwarf;
				ENABLE_STRICT_OBJC_MSGSEND = YES;
				ENABLE_TESTABILITY = YES;
				GCC_C_LANGUAGE_STANDARD = gnu11;
				GCC_DYNAMIC_NO_PIC = NO;
				GCC_NO_COMMON_BLOCKS = YES;
				GCC_OPTIMIZATION_LEVEL = 0;
				GCC_PREPROCESSOR_DEFINITIONS = (
					"DEBUG=1",
					"$(inherited)",
				);
				GCC_WARN_64_TO_32_BIT_CONVERSION = YES;
				GCC_WARN_ABOUT_RETURN_TYPE = YES_ERROR;
				GCC_WARN_UNDECLARED_SELECTOR = YES;
				GCC_WARN_UNINITIALIZED_AUTOS = YES_AGGRESSIVE;
				GCC_WARN_UNUSED_FUNCTION = YES;
				GCC_WARN_UNUSED_VARIABLE = YES;
				IPHONEOS_DEPLOYMENT_TARGET = 14.0;
				MTL_ENABLE_DEBUG_INFO = INCLUDE_SOURCE;
				MTL_FAST_MATH = YES;
				ONLY_ACTIVE_ARCH = YES;
				SDKROOT = iphoneos;
				SWIFT_ACTIVE_COMPILATION_CONDITIONS = DEBUG;
				SWIFT_OPTIMIZATION_LEVEL = "-Onone";
			};
			name = Debug;
		};
		D490944A2578EE55006D986A /* Release */ = {
			isa = XCBuildConfiguration;
			buildSettings = {
				ALWAYS_SEARCH_USER_PATHS = NO;
				CLANG_ANALYZER_NONNULL = YES;
				CLANG_ANALYZER_NUMBER_OBJECT_CONVERSION = YES_AGGRESSIVE;
				CLANG_CXX_LANGUAGE_STANDARD = "gnu++14";
				CLANG_CXX_LIBRARY = "libc++";
				CLANG_ENABLE_MODULES = YES;
				CLANG_ENABLE_OBJC_ARC = YES;
				CLANG_ENABLE_OBJC_WEAK = YES;
				CLANG_WARN_BLOCK_CAPTURE_AUTORELEASING = YES;
				CLANG_WARN_BOOL_CONVERSION = YES;
				CLANG_WARN_COMMA = YES;
				CLANG_WARN_CONSTANT_CONVERSION = YES;
				CLANG_WARN_DEPRECATED_OBJC_IMPLEMENTATIONS = YES;
				CLANG_WARN_DIRECT_OBJC_ISA_USAGE = YES_ERROR;
				CLANG_WARN_DOCUMENTATION_COMMENTS = YES;
				CLANG_WARN_EMPTY_BODY = YES;
				CLANG_WARN_ENUM_CONVERSION = YES;
				CLANG_WARN_INFINITE_RECURSION = YES;
				CLANG_WARN_INT_CONVERSION = YES;
				CLANG_WARN_NON_LITERAL_NULL_CONVERSION = YES;
				CLANG_WARN_OBJC_IMPLICIT_RETAIN_SELF = YES;
				CLANG_WARN_OBJC_LITERAL_CONVERSION = YES;
				CLANG_WARN_OBJC_ROOT_CLASS = YES_ERROR;
				CLANG_WARN_QUOTED_INCLUDE_IN_FRAMEWORK_HEADER = YES;
				CLANG_WARN_RANGE_LOOP_ANALYSIS = YES;
				CLANG_WARN_STRICT_PROTOTYPES = YES;
				CLANG_WARN_SUSPICIOUS_MOVE = YES;
				CLANG_WARN_UNGUARDED_AVAILABILITY = YES_AGGRESSIVE;
				CLANG_WARN_UNREACHABLE_CODE = YES;
				CLANG_WARN__DUPLICATE_METHOD_MATCH = YES;
				COPY_PHASE_STRIP = NO;
				DEBUG_INFORMATION_FORMAT = "dwarf-with-dsym";
				ENABLE_NS_ASSERTIONS = NO;
				ENABLE_STRICT_OBJC_MSGSEND = YES;
				GCC_C_LANGUAGE_STANDARD = gnu11;
				GCC_NO_COMMON_BLOCKS = YES;
				GCC_WARN_64_TO_32_BIT_CONVERSION = YES;
				GCC_WARN_ABOUT_RETURN_TYPE = YES_ERROR;
				GCC_WARN_UNDECLARED_SELECTOR = YES;
				GCC_WARN_UNINITIALIZED_AUTOS = YES_AGGRESSIVE;
				GCC_WARN_UNUSED_FUNCTION = YES;
				GCC_WARN_UNUSED_VARIABLE = YES;
				IPHONEOS_DEPLOYMENT_TARGET = 14.0;
				MTL_ENABLE_DEBUG_INFO = NO;
				MTL_FAST_MATH = YES;
				SDKROOT = iphoneos;
				SWIFT_COMPILATION_MODE = wholemodule;
				SWIFT_OPTIMIZATION_LEVEL = "-O";
				VALIDATE_PRODUCT = YES;
			};
			name = Release;
		};
		D490944C2578EE55006D986A /* Debug */ = {
			isa = XCBuildConfiguration;
			baseConfigurationReference = FD9C4CA6F20BFC0541816296 /* Pods-Weather-Logger.debug.xcconfig */;
			buildSettings = {
				ASSETCATALOG_COMPILER_APPICON_NAME = AppIcon;
				ASSETCATALOG_COMPILER_GLOBAL_ACCENT_COLOR_NAME = AccentColor;
				CODE_SIGN_STYLE = Automatic;
				DEVELOPMENT_TEAM = PA272Y5JK8;
				INFOPLIST_FILE = "Weather-Logger/Info.plist";
				LD_RUNPATH_SEARCH_PATHS = (
					"$(inherited)",
					"@executable_path/Frameworks",
				);
				PRODUCT_BUNDLE_IDENTIFIER = "com.hardijs.Weather-Logger";
				PRODUCT_NAME = "$(TARGET_NAME)";
				SWIFT_VERSION = 5.0;
				TARGETED_DEVICE_FAMILY = "1,2";
			};
			name = Debug;
		};
		D490944D2578EE55006D986A /* Release */ = {
			isa = XCBuildConfiguration;
			baseConfigurationReference = B738D5E22D31E90C2A373C93 /* Pods-Weather-Logger.release.xcconfig */;
			buildSettings = {
				ASSETCATALOG_COMPILER_APPICON_NAME = AppIcon;
				ASSETCATALOG_COMPILER_GLOBAL_ACCENT_COLOR_NAME = AccentColor;
				CODE_SIGN_STYLE = Automatic;
				DEVELOPMENT_TEAM = PA272Y5JK8;
				INFOPLIST_FILE = "Weather-Logger/Info.plist";
				LD_RUNPATH_SEARCH_PATHS = (
					"$(inherited)",
					"@executable_path/Frameworks",
				);
				PRODUCT_BUNDLE_IDENTIFIER = "com.hardijs.Weather-Logger";
				PRODUCT_NAME = "$(TARGET_NAME)";
				SWIFT_VERSION = 5.0;
				TARGETED_DEVICE_FAMILY = "1,2";
			};
			name = Release;
		};
/* End XCBuildConfiguration section */

/* Begin XCConfigurationList section */
		D49094192578EE53006D986A /* Build configuration list for PBXProject "Weather-Logger" */ = {
			isa = XCConfigurationList;
			buildConfigurations = (
				D49094492578EE55006D986A /* Debug */,
				D490944A2578EE55006D986A /* Release */,
			);
			defaultConfigurationIsVisible = 0;
			defaultConfigurationName = Release;
		};
		D490944B2578EE55006D986A /* Build configuration list for PBXNativeTarget "Weather-Logger" */ = {
			isa = XCConfigurationList;
			buildConfigurations = (
				D490944C2578EE55006D986A /* Debug */,
				D490944D2578EE55006D986A /* Release */,
			);
			defaultConfigurationIsVisible = 0;
			defaultConfigurationName = Release;
		};
/* End XCConfigurationList section */

/* Begin XCVersionGroup section */
		D490942A2578EE54006D986A /* Weather_Logger.xcdatamodeld */ = {
			isa = XCVersionGroup;
			children = (
				D490942B2578EE54006D986A /* Weather_Logger.xcdatamodel */,
			);
			currentVersion = D490942B2578EE54006D986A /* Weather_Logger.xcdatamodel */;
			path = Weather_Logger.xcdatamodeld;
			sourceTree = "<group>";
			versionGroupType = wrapper.xcdatamodel;
		};
/* End XCVersionGroup section */
	};
	rootObject = D49094162578EE53006D986A /* Project object */;
}
